# This file is generated by running "yarn install" inside your project.
# Manual changes might be lost - proceed with caution!

__metadata:
  version: 8
  cacheKey: 10c0

"rescript-base@workspace:.":
  version: 0.0.0-use.local
  resolution: "rescript-base@workspace:."
  dependencies:
    rescript: "npm:^11.1.0"
  peerDependencies:
    rescript: ^11.0.0-0
  languageName: unknown
  linkType: soft

"rescript@npm:^11.1.0":
  version: 11.1.0
  resolution: "rescript@npm:11.1.0"
  bin:
    bsc: bsc
    bstracing: lib/bstracing
    rescript: rescript
  checksum: 10c0/3716a1bf23cd6b47e0a2dea4099a596f8b9a16eee7b57b0bf444c201d2a9b944fa083fbe22078f47798c4d5074167859ce064371fcd5ddf347e7577c146df8e1
  languageName: node
  linkType: hard
